{
    "version": 3,
    "terraform_version": "0.11.14",
    "serial": 4,
    "lineage": "2bcedb7c-d37a-b3ca-4c9f-f7db505d7bde",
    "modules": [
        {
            "path": [
                "root"
            ],
            "outputs": {
                "elb_dns_name": {
                    "sensitive": false,
                    "type": "string",
                    "value": "tomcat-asg-882746153.ap-southeast-2.elb.amazonaws.com"
                }
            },
            "resources": {
                "aws_autoscaling_group.tomcat-asg": {
                    "type": "aws_autoscaling_group",
                    "depends_on": [
                        "aws_elb.tomcat-cluster",
                        "aws_launch_configuration.tomcat-cluster",
                        "data.aws_availability_zones.all"
                    ],
                    "primary": {
                        "id": "tf-asg-20200412081625023300000002",
                        "attributes": {
                            "arn": "arn:aws:autoscaling:ap-southeast-2:672980408122:autoScalingGroup:37ecac92-0b7a-452a-bc89-499c726f6f76:autoScalingGroupName/tf-asg-20200412081625023300000002",
                            "availability_zones.#": "3",
                            "availability_zones.1436938394": "ap-southeast-2c",
                            "availability_zones.3148583350": "ap-southeast-2a",
                            "availability_zones.581091340": "ap-southeast-2b",
                            "default_cooldown": "300",
                            "desired_capacity": "1",
                            "enabled_metrics.#": "0",
                            "force_delete": "false",
                            "health_check_grace_period": "300",
                            "health_check_type": "ELB",
                            "id": "tf-asg-20200412081625023300000002",
                            "launch_configuration": "terraform-20200412081620405900000001",
                            "launch_template.#": "0",
                            "load_balancers.#": "1",
                            "load_balancers.1831957049": "tomcat-asg",
                            "max_instance_lifetime": "0",
                            "max_size": "3",
                            "metrics_granularity": "1Minute",
                            "min_size": "1",
                            "mixed_instances_policy.#": "0",
                            "name": "tf-asg-20200412081625023300000002",
                            "placement_group": "",
                            "protect_from_scale_in": "false",
                            "service_linked_role_arn": "arn:aws:iam::672980408122:role/aws-service-role/autoscaling.amazonaws.com/AWSServiceRoleForAutoScaling",
                            "suspended_processes.#": "0",
                            "tag.#": "1",
                            "tag.3279807642.key": "Name",
                            "tag.3279807642.propagate_at_launch": "true",
                            "tag.3279807642.value": "tomcat-asg",
                            "target_group_arns.#": "0",
                            "termination_policies.#": "0",
                            "vpc_zone_identifier.#": "0",
                            "wait_for_capacity_timeout": "10m"
                        },
                        "meta": {
                            "e2bfb730-ecaa-11e6-8f88-34363bc7c4c0": {
                                "delete": 600000000000
                            }
                        },
                        "tainted": false
                    },
                    "deposed": [],
                    "provider": "provider.aws"
                },
                "aws_elb.tomcat-cluster": {
                    "type": "aws_elb",
                    "depends_on": [
                        "aws_security_group.elb",
                        "data.aws_availability_zones.all"
                    ],
                    "primary": {
                        "id": "tomcat-asg",
                        "attributes": {
                            "access_logs.#": "0",
                            "arn": "arn:aws:elasticloadbalancing:ap-southeast-2:672980408122:loadbalancer/tomcat-asg",
                            "availability_zones.#": "3",
                            "availability_zones.1436938394": "ap-southeast-2c",
                            "availability_zones.3148583350": "ap-southeast-2a",
                            "availability_zones.581091340": "ap-southeast-2b",
                            "connection_draining": "false",
                            "connection_draining_timeout": "300",
                            "cross_zone_load_balancing": "true",
                            "dns_name": "tomcat-asg-882746153.ap-southeast-2.elb.amazonaws.com",
                            "health_check.#": "1",
                            "health_check.0.healthy_threshold": "2",
                            "health_check.0.interval": "30",
                            "health_check.0.target": "HTTP:8080/",
                            "health_check.0.timeout": "3",
                            "health_check.0.unhealthy_threshold": "2",
                            "id": "tomcat-asg",
                            "idle_timeout": "60",
                            "instances.#": "0",
                            "internal": "false",
                            "listener.#": "1",
                            "listener.3931999347.instance_port": "8080",
                            "listener.3931999347.instance_protocol": "http",
                            "listener.3931999347.lb_port": "80",
                            "listener.3931999347.lb_protocol": "http",
                            "listener.3931999347.ssl_certificate_id": "",
                            "name": "tomcat-asg",
                            "security_groups.#": "1",
                            "security_groups.1830114006": "sg-05b6ec08d820fb3a8",
                            "source_security_group": "672980408122/tomcat-cluster-elb",
                            "source_security_group_id": "sg-05b6ec08d820fb3a8",
                            "subnets.#": "3",
                            "subnets.2784869236": "subnet-70a1bb39",
                            "subnets.3321008925": "subnet-67f71f01",
                            "subnets.842637567": "subnet-7a61fa22",
                            "tags.%": "0",
                            "zone_id": "Z1GM3OXH4ZPM65"
                        },
                        "meta": {},
                        "tainted": false
                    },
                    "deposed": [],
                    "provider": "provider.aws"
                },
                "aws_launch_configuration.tomcat-cluster": {
                    "type": "aws_launch_configuration",
                    "depends_on": [
                        "aws_security_group.tomcat-cluster"
                    ],
                    "primary": {
                        "id": "terraform-20200412081620405900000001",
                        "attributes": {
                            "arn": "arn:aws:autoscaling:ap-southeast-2:672980408122:launchConfiguration:2159e8cf-2a8e-4657-9a71-49ef2da230d2:launchConfigurationName/terraform-20200412081620405900000001",
                            "associate_public_ip_address": "false",
                            "ebs_block_device.#": "0",
                            "ebs_optimized": "false",
                            "enable_monitoring": "true",
                            "ephemeral_block_device.#": "0",
                            "iam_instance_profile": "",
                            "id": "terraform-20200412081620405900000001",
                            "image_id": "ami-048fb0425425e2515",
                            "instance_type": "t2.micro",
                            "key_name": "",
                            "name": "terraform-20200412081620405900000001",
                            "root_block_device.#": "0",
                            "security_groups.#": "1",
                            "security_groups.2536793116": "sg-0d5eafe4322f9ee82",
                            "spot_price": "",
                            "user_data": "ba7491c165b6438ee8c19507f0a5446245c004e1",
                            "vpc_classic_link_id": "",
                            "vpc_classic_link_security_groups.#": "0"
                        },
                        "meta": {},
                        "tainted": false
                    },
                    "deposed": [],
                    "provider": "provider.aws"
                },
                "aws_security_group.elb": {
                    "type": "aws_security_group",
                    "depends_on": [],
                    "primary": {
                        "id": "sg-05b6ec08d820fb3a8",
                        "attributes": {
                            "arn": "arn:aws:ec2:ap-southeast-2:672980408122:security-group/sg-05b6ec08d820fb3a8",
                            "description": "Managed by Terraform",
                            "egress.#": "1",
                            "egress.482069346.cidr_blocks.#": "1",
                            "egress.482069346.cidr_blocks.0": "0.0.0.0/0",
                            "egress.482069346.description": "",
                            "egress.482069346.from_port": "0",
                            "egress.482069346.ipv6_cidr_blocks.#": "0",
                            "egress.482069346.prefix_list_ids.#": "0",
                            "egress.482069346.protocol": "-1",
                            "egress.482069346.security_groups.#": "0",
                            "egress.482069346.self": "false",
                            "egress.482069346.to_port": "0",
                            "id": "sg-05b6ec08d820fb3a8",
                            "ingress.#": "1",
                            "ingress.1742387022.cidr_blocks.#": "1",
                            "ingress.1742387022.cidr_blocks.0": "0.0.0.0/0",
                            "ingress.1742387022.description": "",
                            "ingress.1742387022.from_port": "80",
                            "ingress.1742387022.ipv6_cidr_blocks.#": "0",
                            "ingress.1742387022.prefix_list_ids.#": "0",
                            "ingress.1742387022.protocol": "tcp",
                            "ingress.1742387022.security_groups.#": "0",
                            "ingress.1742387022.self": "false",
                            "ingress.1742387022.to_port": "8080",
                            "name": "tomcat-cluster-elb",
                            "owner_id": "672980408122",
                            "revoke_rules_on_delete": "false",
                            "tags.%": "0",
                            "vpc_id": "vpc-d31616b4"
                        },
                        "meta": {
                            "e2bfb730-ecaa-11e6-8f88-34363bc7c4c0": {
                                "create": 600000000000,
                                "delete": 600000000000
                            },
                            "schema_version": "1"
                        },
                        "tainted": false
                    },
                    "deposed": [],
                    "provider": "provider.aws"
                },
                "aws_security_group.tomcat-cluster": {
                    "type": "aws_security_group",
                    "depends_on": [],
                    "primary": {
                        "id": "sg-0d5eafe4322f9ee82",
                        "attributes": {
                            "arn": "arn:aws:ec2:ap-southeast-2:672980408122:security-group/sg-0d5eafe4322f9ee82",
                            "description": "Managed by Terraform",
                            "egress.#": "0",
                            "id": "sg-0d5eafe4322f9ee82",
                            "ingress.#": "1",
                            "ingress.516175195.cidr_blocks.#": "1",
                            "ingress.516175195.cidr_blocks.0": "0.0.0.0/0",
                            "ingress.516175195.description": "",
                            "ingress.516175195.from_port": "8080",
                            "ingress.516175195.ipv6_cidr_blocks.#": "0",
                            "ingress.516175195.prefix_list_ids.#": "0",
                            "ingress.516175195.protocol": "tcp",
                            "ingress.516175195.security_groups.#": "0",
                            "ingress.516175195.self": "false",
                            "ingress.516175195.to_port": "8080",
                            "name": "tomcat-cluster",
                            "owner_id": "672980408122",
                            "revoke_rules_on_delete": "false",
                            "tags.%": "0",
                            "vpc_id": "vpc-d31616b4"
                        },
                        "meta": {
                            "e2bfb730-ecaa-11e6-8f88-34363bc7c4c0": {
                                "create": 600000000000,
                                "delete": 600000000000
                            },
                            "schema_version": "1"
                        },
                        "tainted": false
                    },
                    "deposed": [],
                    "provider": "provider.aws"
                },
                "data.aws_availability_zones.all": {
                    "type": "aws_availability_zones",
                    "depends_on": [],
                    "primary": {
                        "id": "2020-04-12 08:16:12.802067 +0000 UTC",
                        "attributes": {
                            "group_names.#": "1",
                            "group_names.806693212": "ap-southeast-2",
                            "id": "2020-04-12 08:16:12.802067 +0000 UTC",
                            "names.#": "3",
                            "names.0": "ap-southeast-2a",
                            "names.1": "ap-southeast-2b",
                            "names.2": "ap-southeast-2c",
                            "zone_ids.#": "3",
                            "zone_ids.0": "apse2-az1",
                            "zone_ids.1": "apse2-az3",
                            "zone_ids.2": "apse2-az2"
                        },
                        "meta": {},
                        "tainted": false
                    },
                    "deposed": [],
                    "provider": "provider.aws"
                }
            },
            "depends_on": []
        }
    ]
}
